// !$*UTF8*$!
{
	archiveVersion = 1;
	classes = {
	};
	objectVersion = 60;
	objects = {

/* Begin PBXBuildFile section */
		461DF6532C690C2700D8D117 /* PianoVocalsApp.swift in Sources */ = {isa = PBXBuildFile; fileRef = 461DF6522C690C2700D8D117 /* PianoVocalsApp.swift */; };
		461DF6552C690C2700D8D117 /* ContentView.swift in Sources */ = {isa = PBXBuildFile; fileRef = 461DF6542C690C2700D8D117 /* ContentView.swift */; };
		461DF6572C690C2900D8D117 /* Assets.xcassets in Resources */ = {isa = PBXBuildFile; fileRef = 461DF6562C690C2900D8D117 /* Assets.xcassets */; };
		461DF65A2C690C2900D8D117 /* Preview Assets.xcassets in Resources */ = {isa = PBXBuildFile; fileRef = 461DF6592C690C2900D8D117 /* Preview Assets.xcassets */; };
		461DF6612C690C6F00D8D117 /* PianoSound.swift in Sources */ = {isa = PBXBuildFile; fileRef = 461DF6602C690C6F00D8D117 /* PianoSound.swift */; };
		461DF6632C69850600D8D117 /* emuaps_8mb.sf2 in Resources */ = {isa = PBXBuildFile; fileRef = 461DF6622C69850600D8D117 /* emuaps_8mb.sf2 */; };
		461DF6652C6985AB00D8D117 /* PianoViewModel.swift in Sources */ = {isa = PBXBuildFile; fileRef = 461DF6642C6985A500D8D117 /* PianoViewModel.swift */; };
		46BE99A22C69D41500A3D584 /* Beethoven in Frameworks */ = {isa = PBXBuildFile; productRef = 46BE99A12C69D41500A3D584 /* Beethoven */; };
		46BE99A42C69F47400A3D584 /* PitchDetector.swift in Sources */ = {isa = PBXBuildFile; fileRef = 46BE99A32C69F46F00A3D584 /* PitchDetector.swift */; };
		46BE99A62C6AE84100A3D584 /* KeyView.swift in Sources */ = {isa = PBXBuildFile; fileRef = 46BE99A52C6AE83D00A3D584 /* KeyView.swift */; };
/* End PBXBuildFile section */

/* Begin PBXFileReference section */
		461DF64F2C690C2700D8D117 /* PianoVocals.app */ = {isa = PBXFileReference; explicitFileType = wrapper.application; includeInIndex = 0; path = PianoVocals.app; sourceTree = BUILT_PRODUCTS_DIR; };
		461DF6522C690C2700D8D117 /* PianoVocalsApp.swift */ = {isa = PBXFileReference; lastKnownFileType = sourcecode.swift; path = PianoVocalsApp.swift; sourceTree = "<group>"; };
		461DF6542C690C2700D8D117 /* ContentView.swift */ = {isa = PBXFileReference; lastKnownFileType = sourcecode.swift; path = ContentView.swift; sourceTree = "<group>"; };
		461DF6562C690C2900D8D117 /* Assets.xcassets */ = {isa = PBXFileReference; lastKnownFileType = folder.assetcatalog; path = Assets.xcassets; sourceTree = "<group>"; };
		461DF6592C690C2900D8D117 /* Preview Assets.xcassets */ = {isa = PBXFileReference; lastKnownFileType = folder.assetcatalog; path = "Preview Assets.xcassets"; sourceTree = "<group>"; };
		461DF6602C690C6F00D8D117 /* PianoSound.swift */ = {isa = PBXFileReference; lastKnownFileType = sourcecode.swift; path = PianoSound.swift; sourceTree = "<group>"; };
		461DF6622C69850600D8D117 /* emuaps_8mb.sf2 */ = {isa = PBXFileReference; lastKnownFileType = file; path = emuaps_8mb.sf2; sourceTree = "<group>"; };
		461DF6642C6985A500D8D117 /* PianoViewModel.swift */ = {isa = PBXFileReference; lastKnownFileType = sourcecode.swift; path = PianoViewModel.swift; sourceTree = "<group>"; };
		46BE99A32C69F46F00A3D584 /* PitchDetector.swift */ = {isa = PBXFileReference; lastKnownFileType = sourcecode.swift; path = PitchDetector.swift; sourceTree = "<group>"; };
		46BE99A52C6AE83D00A3D584 /* KeyView.swift */ = {isa = PBXFileReference; lastKnownFileType = sourcecode.swift; path = KeyView.swift; sourceTree = "<group>"; };
/* End PBXFileReference section */

/* Begin PBXFrameworksBuildPhase section */
		461DF64C2C690C2700D8D117 /* Frameworks */ = {
			isa = PBXFrameworksBuildPhase;
			buildActionMask = 2147483647;
			files = (
				46BE99A22C69D41500A3D584 /* Beethoven in Frameworks */,
			);
			runOnlyForDeploymentPostprocessing = 0;
		};
/* End PBXFrameworksBuildPhase section */

/* Begin PBXGroup section */
		461DF6462C690C2700D8D117 = {
			isa = PBXGroup;
			children = (
				461DF6512C690C2700D8D117 /* PianoVocals */,
				461DF6502C690C2700D8D117 /* Products */,
			);
			sourceTree = "<group>";
		};
		461DF6502C690C2700D8D117 /* Products */ = {
			isa = PBXGroup;
			children = (
				461DF64F2C690C2700D8D117 /* PianoVocals.app */,
			);
			name = Products;
			sourceTree = "<group>";
		};
		461DF6512C690C2700D8D117 /* PianoVocals */ = {
			isa = PBXGroup;
			children = (
				46BE99A52C6AE83D00A3D584 /* KeyView.swift */,
				46BE99A32C69F46F00A3D584 /* PitchDetector.swift */,
				461DF6642C6985A500D8D117 /* PianoViewModel.swift */,
				461DF6622C69850600D8D117 /* emuaps_8mb.sf2 */,
				461DF6602C690C6F00D8D117 /* PianoSound.swift */,
				461DF6522C690C2700D8D117 /* PianoVocalsApp.swift */,
				461DF6542C690C2700D8D117 /* ContentView.swift */,
				461DF6562C690C2900D8D117 /* Assets.xcassets */,
				461DF6582C690C2900D8D117 /* Preview Content */,
			);
			path = PianoVocals;
			sourceTree = "<group>";
		};
		461DF6582C690C2900D8D117 /* Preview Content */ = {
			isa = PBXGroup;
			children = (
				461DF6592C690C2900D8D117 /* Preview Assets.xcassets */,
			);
			path = "Preview Content";
			sourceTree = "<group>";
		};
/* End PBXGroup section */

/* Begin PBXNativeTarget section */
		461DF64E2C690C2700D8D117 /* PianoVocals */ = {
			isa = PBXNativeTarget;
			buildConfigurationList = 461DF65D2C690C2900D8D117 /* Build configuration list for PBXNativeTarget "PianoVocals" */;
			buildPhases = (
				461DF64B2C690C2700D8D117 /* Sources */,
				461DF64C2C690C2700D8D117 /* Frameworks */,
				461DF64D2C690C2700D8D117 /* Resources */,
			);
			buildRules = (
			);
			dependencies = (
			);
			name = PianoVocals;
			productName = PianoVocals;
			productReference = 461DF64F2C690C2700D8D117 /* PianoVocals.app */;
			productType = "com.apple.product-type.application";
		};
/* End PBXNativeTarget section */

/* Begin PBXProject section */
		461DF6472C690C2700D8D117 /* Project object */ = {
			isa = PBXProject;
			attributes = {
				BuildIndependentTargetsInParallel = 1;
				LastSwiftUpdateCheck = 1600;
				LastUpgradeCheck = 1600;
				TargetAttributes = {
					461DF64E2C690C2700D8D117 = {
						CreatedOnToolsVersion = 16.0;
					};
				};
			};
			buildConfigurationList = 461DF64A2C690C2700D8D117 /* Build configuration list for PBXProject "PianoVocals" */;
			compatibilityVersion = "Xcode 15.0";
			developmentRegion = en;
			hasScannedForEncodings = 0;
			knownRegions = (
				en,
				Base,
			);
			mainGroup = 461DF6462C690C2700D8D117;
			packageReferences = (
				46BE99A02C69D41500A3D584 /* XCLocalSwiftPackageReference "Beethoven" */,
			);
			productRefGroup = 461DF6502C690C2700D8D117 /* Products */;
			projectDirPath = "";
			projectRoot = "";
			targets = (
				461DF64E2C690C2700D8D117 /* PianoVocals */,
			);
		};
/* End PBXProject section */

/* Begin PBXResourcesBuildPhase section */
		461DF64D2C690C2700D8D117 /* Resources */ = {
			isa = PBXResourcesBuildPhase;
			buildActionMask = 2147483647;
			files = (
				461DF65A2C690C2900D8D117 /* Preview Assets.xcassets in Resources */,
				461DF6632C69850600D8D117 /* emuaps_8mb.sf2 in Resources */,
				461DF6572C690C2900D8D117 /* Assets.xcassets in Resources */,
			);
			runOnlyForDeploymentPostprocessing = 0;
		};
/* End PBXResourcesBuildPhase section */

/* Begin PBXSourcesBuildPhase section */
		461DF64B2C690C2700D8D117 /* Sources */ = {
			isa = PBXSourcesBuildPhase;
			buildActionMask = 2147483647;
			files = (
				46BE99A42C69F47400A3D584 /* PitchDetector.swift in Sources */,
				461DF6612C690C6F00D8D117 /* PianoSound.swift in Sources */,
				46BE99A62C6AE84100A3D584 /* KeyView.swift in Sources */,
				461DF6552C690C2700D8D117 /* ContentView.swift in Sources */,
				461DF6652C6985AB00D8D117 /* PianoViewModel.swift in Sources */,
				461DF6532C690C2700D8D117 /* PianoVocalsApp.swift in Sources */,
			);
			runOnlyForDeploymentPostprocessing = 0;
		};
/* End PBXSourcesBuildPhase section */

/* Begin XCBuildConfiguration section */
		461DF65B2C690C2900D8D117 /* Debug */ = {
			isa = XCBuildConfiguration;
			buildSettings = {
				ALWAYS_SEARCH_USER_PATHS = NO;
				ASSETCATALOG_COMPILER_GENERATE_SWIFT_ASSET_SYMBOL_EXTENSIONS = YES;
				CLANG_ANALYZER_NONNULL = YES;
				CLANG_ANALYZER_NUMBER_OBJECT_CONVERSION = YES_AGGRESSIVE;
				CLANG_CXX_LANGUAGE_STANDARD = "gnu++20";
				CLANG_ENABLE_MODULES = YES;
				CLANG_ENABLE_OBJC_ARC = YES;
				CLANG_ENABLE_OBJC_WEAK = YES;
				CLANG_WARN_BLOCK_CAPTURE_AUTORELEASING = YES;
				CLANG_WARN_BOOL_CONVERSION = YES;
				CLANG_WARN_COMMA = YES;
				CLANG_WARN_CONSTANT_CONVERSION = YES;
				CLANG_WARN_DEPRECATED_OBJC_IMPLEMENTATIONS = YES;
				CLANG_WARN_DIRECT_OBJC_ISA_USAGE = YES_ERROR;
				CLANG_WARN_DOCUMENTATION_COMMENTS = YES;
				CLANG_WARN_EMPTY_BODY = YES;
				CLANG_WARN_ENUM_CONVERSION = YES;
				CLANG_WARN_INFINITE_RECURSION = YES;
				CLANG_WARN_INT_CONVERSION = YES;
				CLANG_WARN_NON_LITERAL_NULL_CONVERSION = YES;
				CLANG_WARN_OBJC_IMPLICIT_RETAIN_SELF = YES;
				CLANG_WARN_OBJC_LITERAL_CONVERSION = YES;
				CLANG_WARN_OBJC_ROOT_CLASS = YES_ERROR;
				CLANG_WARN_QUOTED_INCLUDE_IN_FRAMEWORK_HEADER = YES;
				CLANG_WARN_RANGE_LOOP_ANALYSIS = YES;
				CLANG_WARN_STRICT_PROTOTYPES = YES;
				CLANG_WARN_SUSPICIOUS_MOVE = YES;
				CLANG_WARN_UNGUARDED_AVAILABILITY = YES_AGGRESSIVE;
				CLANG_WARN_UNREACHABLE_CODE = YES;
				CLANG_WARN__DUPLICATE_METHOD_MATCH = YES;
				COPY_PHASE_STRIP = NO;
				DEBUG_INFORMATION_FORMAT = dwarf;
				ENABLE_STRICT_OBJC_MSGSEND = YES;
				ENABLE_TESTABILITY = YES;
				ENABLE_USER_SCRIPT_SANDBOXING = YES;
				GCC_C_LANGUAGE_STANDARD = gnu17;
				GCC_DYNAMIC_NO_PIC = NO;
				GCC_NO_COMMON_BLOCKS = YES;
				GCC_OPTIMIZATION_LEVEL = 0;
				GCC_PREPROCESSOR_DEFINITIONS = (
					"DEBUG=1",
					"$(inherited)",
				);
				GCC_WARN_64_TO_32_BIT_CONVERSION = YES;
				GCC_WARN_ABOUT_RETURN_TYPE = YES_ERROR;
				GCC_WARN_UNDECLARED_SELECTOR = YES;
				GCC_WARN_UNINITIALIZED_AUTOS = YES_AGGRESSIVE;
				GCC_WARN_UNUSED_FUNCTION = YES;
				GCC_WARN_UNUSED_VARIABLE = YES;
				IPHONEOS_DEPLOYMENT_TARGET = 18.0;
				LOCALIZATION_PREFERS_STRING_CATALOGS = YES;
				MTL_ENABLE_DEBUG_INFO = INCLUDE_SOURCE;
				MTL_FAST_MATH = YES;
				ONLY_ACTIVE_ARCH = YES;
				SDKROOT = iphoneos;
				SWIFT_ACTIVE_COMPILATION_CONDITIONS = "DEBUG $(inherited)";
				SWIFT_OPTIMIZATION_LEVEL = "-Onone";
			};
			name = Debug;
		};
		461DF65C2C690C2900D8D117 /* Release */ = {
			isa = XCBuildConfiguration;
			buildSettings = {
				ALWAYS_SEARCH_USER_PATHS = NO;
				ASSETCATALOG_COMPILER_GENERATE_SWIFT_ASSET_SYMBOL_EXTENSIONS = YES;
				CLANG_ANALYZER_NONNULL = YES;
				CLANG_ANALYZER_NUMBER_OBJECT_CONVERSION = YES_AGGRESSIVE;
				CLANG_CXX_LANGUAGE_STANDARD = "gnu++20";
				CLANG_ENABLE_MODULES = YES;
				CLANG_ENABLE_OBJC_ARC = YES;
				CLANG_ENABLE_OBJC_WEAK = YES;
				CLANG_WARN_BLOCK_CAPTURE_AUTORELEASING = YES;
				CLANG_WARN_BOOL_CONVERSION = YES;
				CLANG_WARN_COMMA = YES;
				CLANG_WARN_CONSTANT_CONVERSION = YES;
				CLANG_WARN_DEPRECATED_OBJC_IMPLEMENTATIONS = YES;
				CLANG_WARN_DIRECT_OBJC_ISA_USAGE = YES_ERROR;
				CLANG_WARN_DOCUMENTATION_COMMENTS = YES;
				CLANG_WARN_EMPTY_BODY = YES;
				CLANG_WARN_ENUM_CONVERSION = YES;
				CLANG_WARN_INFINITE_RECURSION = YES;
				CLANG_WARN_INT_CONVERSION = YES;
				CLANG_WARN_NON_LITERAL_NULL_CONVERSION = YES;
				CLANG_WARN_OBJC_IMPLICIT_RETAIN_SELF = YES;
				CLANG_WARN_OBJC_LITERAL_CONVERSION = YES;
				CLANG_WARN_OBJC_ROOT_CLASS = YES_ERROR;
				CLANG_WARN_QUOTED_INCLUDE_IN_FRAMEWORK_HEADER = YES;
				CLANG_WARN_RANGE_LOOP_ANALYSIS = YES;
				CLANG_WARN_STRICT_PROTOTYPES = YES;
				CLANG_WARN_SUSPICIOUS_MOVE = YES;
				CLANG_WARN_UNGUARDED_AVAILABILITY = YES_AGGRESSIVE;
				CLANG_WARN_UNREACHABLE_CODE = YES;
				CLANG_WARN__DUPLICATE_METHOD_MATCH = YES;
				COPY_PHASE_STRIP = NO;
				DEBUG_INFORMATION_FORMAT = "dwarf-with-dsym";
				ENABLE_NS_ASSERTIONS = NO;
				ENABLE_STRICT_OBJC_MSGSEND = YES;
				ENABLE_USER_SCRIPT_SANDBOXING = YES;
				GCC_C_LANGUAGE_STANDARD = gnu17;
				GCC_NO_COMMON_BLOCKS = YES;
				GCC_WARN_64_TO_32_BIT_CONVERSION = YES;
				GCC_WARN_ABOUT_RETURN_TYPE = YES_ERROR;
				GCC_WARN_UNDECLARED_SELECTOR = YES;
				GCC_WARN_UNINITIALIZED_AUTOS = YES_AGGRESSIVE;
				GCC_WARN_UNUSED_FUNCTION = YES;
				GCC_WARN_UNUSED_VARIABLE = YES;
				IPHONEOS_DEPLOYMENT_TARGET = 18.0;
				LOCALIZATION_PREFERS_STRING_CATALOGS = YES;
				MTL_ENABLE_DEBUG_INFO = NO;
				MTL_FAST_MATH = YES;
				SDKROOT = iphoneos;
				SWIFT_COMPILATION_MODE = wholemodule;
				VALIDATE_PRODUCT = YES;
			};
			name = Release;
		};
		461DF65E2C690C2900D8D117 /* Debug */ = {
			isa = XCBuildConfiguration;
			buildSettings = {
				ASSETCATALOG_COMPILER_APPICON_NAME = AppIcon;
				ASSETCATALOG_COMPILER_GLOBAL_ACCENT_COLOR_NAME = AccentColor;
				CODE_SIGN_STYLE = Automatic;
				CURRENT_PROJECT_VERSION = 1;
				DEVELOPMENT_ASSET_PATHS = "\"PianoVocals/Preview Content\"";
				DEVELOPMENT_TEAM = WPVJY5G9UM;
				ENABLE_PREVIEWS = YES;
				GENERATE_INFOPLIST_FILE = YES;
				INFOPLIST_KEY_CFBundleDisplayName = "Piano Voc";
				INFOPLIST_KEY_LSApplicationCategoryType = "public.app-category.music";
				INFOPLIST_KEY_NSMicrophoneUsageDescription = "Give access to microphone to detect note pitch";
				INFOPLIST_KEY_UIApplicationSceneManifest_Generation = YES;
				INFOPLIST_KEY_UIApplicationSupportsIndirectInputEvents = YES;
				INFOPLIST_KEY_UILaunchScreen_Generation = YES;
				INFOPLIST_KEY_UISupportedInterfaceOrientations_iPad = "UIInterfaceOrientationPortrait UIInterfaceOrientationPortraitUpsideDown UIInterfaceOrientationLandscapeLeft UIInterfaceOrientationLandscapeRight";
				INFOPLIST_KEY_UISupportedInterfaceOrientations_iPhone = "UIInterfaceOrientationPortrait UIInterfaceOrientationLandscapeLeft UIInterfaceOrientationLandscapeRight";
				IPHONEOS_DEPLOYMENT_TARGET = 17.0;
				LD_RUNPATH_SEARCH_PATHS = (
					"$(inherited)",
					"@executable_path/Frameworks",
				);
				MARKETING_VERSION = 1.0;
				PRODUCT_BUNDLE_IDENTIFIER = com.nikitarat.PianoVoc;
				PRODUCT_NAME = "$(TARGET_NAME)";
				SWIFT_EMIT_LOC_STRINGS = YES;
				SWIFT_VERSION = 5.0;
				TARGETED_DEVICE_FAMILY = "1,2";
			};
			name = Debug;
		};
		461DF65F2C690C2900D8D117 /* Release */ = {
			isa = XCBuildConfiguration;
			buildSettings = {
				ASSETCATALOG_COMPILER_APPICON_NAME = AppIcon;
				ASSETCATALOG_COMPILER_GLOBAL_ACCENT_COLOR_NAME = AccentColor;
				CODE_SIGN_STYLE = Automatic;
				CURRENT_PROJECT_VERSION = 1;
				DEVELOPMENT_ASSET_PATHS = "\"PianoVocals/Preview Content\"";
				DEVELOPMENT_TEAM = WPVJY5G9UM;
				ENABLE_PREVIEWS = YES;
				GENERATE_INFOPLIST_FILE = YES;
				INFOPLIST_KEY_CFBundleDisplayName = "Piano Voc";
				INFOPLIST_KEY_LSApplicationCategoryType = "public.app-category.music";
				INFOPLIST_KEY_NSMicrophoneUsageDescription = "Give access to microphone to detect note pitch";
				INFOPLIST_KEY_UIApplicationSceneManifest_Generation = YES;
				INFOPLIST_KEY_UIApplicationSupportsIndirectInputEvents = YES;
				INFOPLIST_KEY_UILaunchScreen_Generation = YES;
				INFOPLIST_KEY_UISupportedInterfaceOrientations_iPad = "UIInterfaceOrientationPortrait UIInterfaceOrientationPortraitUpsideDown UIInterfaceOrientationLandscapeLeft UIInterfaceOrientationLandscapeRight";
				INFOPLIST_KEY_UISupportedInterfaceOrientations_iPhone = "UIInterfaceOrientationPortrait UIInterfaceOrientationLandscapeLeft UIInterfaceOrientationLandscapeRight";
				IPHONEOS_DEPLOYMENT_TARGET = 17.0;
				LD_RUNPATH_SEARCH_PATHS = (
					"$(inherited)",
					"@executable_path/Frameworks",
				);
				MARKETING_VERSION = 1.0;
				PRODUCT_BUNDLE_IDENTIFIER = com.nikitarat.PianoVoc;
				PRODUCT_NAME = "$(TARGET_NAME)";
				SWIFT_EMIT_LOC_STRINGS = YES;
				SWIFT_VERSION = 5.0;
				TARGETED_DEVICE_FAMILY = "1,2";
			};
			name = Release;
		};
/* End XCBuildConfiguration section */

/* Begin XCConfigurationList section */
		461DF64A2C690C2700D8D117 /* Build configuration list for PBXProject "PianoVocals" */ = {
			isa = XCConfigurationList;
			buildConfigurations = (
				461DF65B2C690C2900D8D117 /* Debug */,
				461DF65C2C690C2900D8D117 /* Release */,
			);
			defaultConfigurationIsVisible = 0;
			defaultConfigurationName = Release;
		};
		461DF65D2C690C2900D8D117 /* Build configuration list for PBXNativeTarget "PianoVocals" */ = {
			isa = XCConfigurationList;
			buildConfigurations = (
				461DF65E2C690C2900D8D117 /* Debug */,
				461DF65F2C690C2900D8D117 /* Release */,
			);
			defaultConfigurationIsVisible = 0;
			defaultConfigurationName = Release;
		};
/* End XCConfigurationList section */

/* Begin XCLocalSwiftPackageReference section */
		46BE99A02C69D41500A3D584 /* XCLocalSwiftPackageReference "Beethoven" */ = {
			isa = XCLocalSwiftPackageReference;
			relativePath = Beethoven;
		};
/* End XCLocalSwiftPackageReference section */

/* Begin XCSwiftPackageProductDependency section */
		46BE99A12C69D41500A3D584 /* Beethoven */ = {
			isa = XCSwiftPackageProductDependency;
			productName = Beethoven;
		};
/* End XCSwiftPackageProductDependency section */
	};
	rootObject = 461DF6472C690C2700D8D117 /* Project object */;
}
